
Microsoft Visual Studio Solution File, Format Version 12.00
# Visual Studio Version 17
VisualStudioVersion = 17.4.33213.308
MinimumVisualStudioVersion = 10.0.40219.1
Project("{FAE04EC0-301F-11D3-BF4B-00C04F79EFBC}") = "test", "test\test.csproj", "{5707A18C-03EC-4A28-9816-47233045AF30}"
EndProject
Global
	GlobalSection(SolutionConfigurationPlatforms) = preSolution
		Debug|Any CPU = Debug|Any CPU
		Release|Any CPU = Release|Any CPU
	EndGlobalSection
	GlobalSection(ProjectConfigurationPlatforms) = postSolution
		{5707A18C-03EC-4A28-9816-47233045AF30}.Debug|Any CPU.ActiveCfg = Debug|Any CPU
		{5707A18C-03EC-4A28-9816-47233045AF30}.Debug|Any CPU.Build.0 = Debug|Any CPU
		{5707A18C-03EC-4A28-9816-47233045AF30}.Release|Any CPU.ActiveCfg = Release|Any CPU
		{5707A18C-03EC-4A28-9816-47233045AF30}.Release|Any CPU.Build.0 = Release|Any CPU
	EndGlobalSection
	GlobalSection(SolutionProperties) = preSolution
		HideSolutionNode = FALSE
	EndGlobalSection
	GlobalSection(ExtensibilityGlobals) = postSolution
		SolutionGuid = {00C84AF3-FEAB-487A-84EA-68146E508028}
	EndGlobalSection
EndGlobal
