
Microsoft Visual Studio Solution File, Format Version 12.00
# Visual Studio Version 17
VisualStudioVersion = 17.5.33414.496
MinimumVisualStudioVersion = 10.0.40219.1
Project("{FAE04EC0-301F-11D3-BF4B-00C04F79EFBC}") = "FormTinhTongHieu", "FormTinhTongHieu\FormTinhTongHieu.csproj", "{EC16B6A1-2FDB-44FE-955F-FEAF708A7DE7}"
EndProject
Global
	GlobalSection(SolutionConfigurationPlatforms) = preSolution
		Debug|Any CPU = Debug|Any CPU
		Release|Any CPU = Release|Any CPU
	EndGlobalSection
	GlobalSection(ProjectConfigurationPlatforms) = postSolution
		{EC16B6A1-2FDB-44FE-955F-FEAF708A7DE7}.Debug|Any CPU.ActiveCfg = Debug|Any CPU
		{EC16B6A1-2FDB-44FE-955F-FEAF708A7DE7}.Debug|Any CPU.Build.0 = Debug|Any CPU
		{EC16B6A1-2FDB-44FE-955F-FEAF708A7DE7}.Release|Any CPU.ActiveCfg = Release|Any CPU
		{EC16B6A1-2FDB-44FE-955F-FEAF708A7DE7}.Release|Any CPU.Build.0 = Release|Any CPU
	EndGlobalSection
	GlobalSection(SolutionProperties) = preSolution
		HideSolutionNode = FALSE
	EndGlobalSection
	GlobalSection(ExtensibilityGlobals) = postSolution
		SolutionGuid = {F3FE5366-C90B-4368-8005-74A5387E09C7}
	EndGlobalSection
EndGlobal
