
Microsoft Visual Studio Solution File, Format Version 12.00
# Visual Studio Version 17
VisualStudioVersion = 17.5.33414.496
MinimumVisualStudioVersion = 10.0.40219.1
Project("{FAE04EC0-301F-11D3-BF4B-00C04F79EFBC}") = "App3", "App3\App3.csproj", "{898AEAF1-1F95-4A8A-85CE-34189C1782C8}"
EndProject
Global
	GlobalSection(SolutionConfigurationPlatforms) = preSolution
		Debug|Any CPU = Debug|Any CPU
		Release|Any CPU = Release|Any CPU
	EndGlobalSection
	GlobalSection(ProjectConfigurationPlatforms) = postSolution
		{898AEAF1-1F95-4A8A-85CE-34189C1782C8}.Debug|Any CPU.ActiveCfg = Debug|Any CPU
		{898AEAF1-1F95-4A8A-85CE-34189C1782C8}.Debug|Any CPU.Build.0 = Debug|Any CPU
		{898AEAF1-1F95-4A8A-85CE-34189C1782C8}.Release|Any CPU.ActiveCfg = Release|Any CPU
		{898AEAF1-1F95-4A8A-85CE-34189C1782C8}.Release|Any CPU.Build.0 = Release|Any CPU
	EndGlobalSection
	GlobalSection(SolutionProperties) = preSolution
		HideSolutionNode = FALSE
	EndGlobalSection
	GlobalSection(ExtensibilityGlobals) = postSolution
		SolutionGuid = {5DE68B3F-ECF7-4006-85A1-F723735238D9}
	EndGlobalSection
EndGlobal
